Microsoft Visual Studio Solution File, Format Version 12.00
# Visual Studio Version 17
VisualStudioVersion = 17.5.2.0
MinimumVisualStudioVersion = 10.0.40219.1
Project("{FAE04EC0-301F-11D3-BF4B-00C04F79EFBC}") = "Documents.Tests", "Documents.Tests\Documents.Tests.csproj", "{79049AA6-2C44-E306-338B-8B09DD5C3461}"
EndProject
Project("{FAE04EC0-301F-11D3-BF4B-00C04F79EFBC}") = "ClassRoom.Tests", "ClassRooms.Tests\ClassRoom.Tests.csproj", "{341B2E99-A463-4B11-9B5B-B5C9CD3851F2}"
EndProject
Project("{FAE04EC0-301F-11D3-BF4B-00C04F79EFBC}") = "Classroom", "Classroom\Classroom.csproj", "{F9E2C900-5573-6710-B08C-FCA0982FAB35}"
EndProject
Project("{FAE04EC0-301F-11D3-BF4B-00C04F79EFBC}") = "Documents", "Documents\Documents.csproj", "{2942E028-7FF9-879A-1BE0-6B96A071B284}"
EndProject
Project("{2150E333-8FDC-42A3-9474-1A3956D46DE8}") = "ATM", "ATM", "{32EADBF0-3A8D-F215-1F3D-752AEACDE9AC}"
EndProject
Project("{FAE04EC0-301F-11D3-BF4B-00C04F79EFBC}") = "ATM.Tests", "ATM\tests\ATM.Tests.csproj", "{C08C7D4E-D773-4367-49A4-492F3D124E99}"
EndProject
Project("{FAE04EC0-301F-11D3-BF4B-00C04F79EFBC}") = "ATM", "ATM\src\ATM.csproj", "{30CDBFEA-82F9-D35F-3E49-E5118D4FA056}"
EndProject
Global
	GlobalSection(SolutionConfigurationPlatforms) = preSolution
		Debug|Any CPU = Debug|Any CPU
		Release|Any CPU = Release|Any CPU
	EndGlobalSection
	GlobalSection(ProjectConfigurationPlatforms) = postSolution
		{79049AA6-2C44-E306-338B-8B09DD5C3461}.Debug|Any CPU.ActiveCfg = Debug|Any CPU
		{79049AA6-2C44-E306-338B-8B09DD5C3461}.Debug|Any CPU.Build.0 = Debug|Any CPU
		{79049AA6-2C44-E306-338B-8B09DD5C3461}.Release|Any CPU.ActiveCfg = Release|Any CPU
		{79049AA6-2C44-E306-338B-8B09DD5C3461}.Release|Any CPU.Build.0 = Release|Any CPU
		{341B2E99-A463-4B11-9B5B-B5C9CD3851F2}.Debug|Any CPU.ActiveCfg = Debug|Any CPU
		{341B2E99-A463-4B11-9B5B-B5C9CD3851F2}.Debug|Any CPU.Build.0 = Debug|Any CPU
		{341B2E99-A463-4B11-9B5B-B5C9CD3851F2}.Release|Any CPU.ActiveCfg = Release|Any CPU
		{341B2E99-A463-4B11-9B5B-B5C9CD3851F2}.Release|Any CPU.Build.0 = Release|Any CPU
		{F9E2C900-5573-6710-B08C-FCA0982FAB35}.Debug|Any CPU.ActiveCfg = Debug|Any CPU
		{F9E2C900-5573-6710-B08C-FCA0982FAB35}.Debug|Any CPU.Build.0 = Debug|Any CPU
		{F9E2C900-5573-6710-B08C-FCA0982FAB35}.Release|Any CPU.ActiveCfg = Release|Any CPU
		{F9E2C900-5573-6710-B08C-FCA0982FAB35}.Release|Any CPU.Build.0 = Release|Any CPU
		{2942E028-7FF9-879A-1BE0-6B96A071B284}.Debug|Any CPU.ActiveCfg = Debug|Any CPU
		{2942E028-7FF9-879A-1BE0-6B96A071B284}.Debug|Any CPU.Build.0 = Debug|Any CPU
		{2942E028-7FF9-879A-1BE0-6B96A071B284}.Release|Any CPU.ActiveCfg = Release|Any CPU
		{2942E028-7FF9-879A-1BE0-6B96A071B284}.Release|Any CPU.Build.0 = Release|Any CPU
		{C08C7D4E-D773-4367-49A4-492F3D124E99}.Debug|Any CPU.ActiveCfg = Debug|Any CPU
		{C08C7D4E-D773-4367-49A4-492F3D124E99}.Debug|Any CPU.Build.0 = Debug|Any CPU
		{C08C7D4E-D773-4367-49A4-492F3D124E99}.Release|Any CPU.ActiveCfg = Release|Any CPU
		{C08C7D4E-D773-4367-49A4-492F3D124E99}.Release|Any CPU.Build.0 = Release|Any CPU
		{30CDBFEA-82F9-D35F-3E49-E5118D4FA056}.Debug|Any CPU.ActiveCfg = Debug|Any CPU
		{30CDBFEA-82F9-D35F-3E49-E5118D4FA056}.Debug|Any CPU.Build.0 = Debug|Any CPU
		{30CDBFEA-82F9-D35F-3E49-E5118D4FA056}.Release|Any CPU.ActiveCfg = Release|Any CPU
		{30CDBFEA-82F9-D35F-3E49-E5118D4FA056}.Release|Any CPU.Build.0 = Release|Any CPU
	EndGlobalSection
	GlobalSection(SolutionProperties) = preSolution
		HideSolutionNode = FALSE
	EndGlobalSection
	GlobalSection(NestedProjects) = preSolution
		{C08C7D4E-D773-4367-49A4-492F3D124E99} = {32EADBF0-3A8D-F215-1F3D-752AEACDE9AC}
		{30CDBFEA-82F9-D35F-3E49-E5118D4FA056} = {32EADBF0-3A8D-F215-1F3D-752AEACDE9AC}
	EndGlobalSection
	GlobalSection(ExtensibilityGlobals) = postSolution
		SolutionGuid = {F4B0FB9A-6755-4745-82F7-C67530CC771A}
	EndGlobalSection
EndGlobal
